
Microsoft Visual Studio Solution File, Format Version 12.00
# Visual Studio Version 16
VisualStudioVersion = 16.0.29111.141
MinimumVisualStudioVersion = 10.0.40219.1
Project("{2150E333-8FDC-42A3-9474-1A3956D46DE8}") = "Sample", "Sample", "{295D4CE6-F3E9-403E-ADF6-6F4D3581A083}"
EndProject
Project("{9A19103F-16F7-4668-BE54-9A1E7A4F7556}") = "H3x.BlazorProgressIndicator", "src\H3x.BlazorProgressIndicator\H3x.BlazorProgressIndicator.csproj", "{FC76C759-5163-44A6-8ACC-74A3035B5665}"
EndProject
Project("{9A19103F-16F7-4668-BE54-9A1E7A4F7556}") = "Sample.Client", "sample\Sample.Client\Sample.Client.csproj", "{5B8D843B-211F-487C-ABB2-322A6CCBFE42}"
EndProject
Project("{9A19103F-16F7-4668-BE54-9A1E7A4F7556}") = "Sample.Server", "sample\Sample.Server\Sample.Server.csproj", "{343D5185-960B-43FA-8C49-2E0DE033041B}"
EndProject
Global
	GlobalSection(SolutionConfigurationPlatforms) = preSolution
		Debug|Any CPU = Debug|Any CPU
		Release|Any CPU = Release|Any CPU
	EndGlobalSection
	GlobalSection(ProjectConfigurationPlatforms) = postSolution
		{FC76C759-5163-44A6-8ACC-74A3035B5665}.Debug|Any CPU.ActiveCfg = Debug|Any CPU
		{FC76C759-5163-44A6-8ACC-74A3035B5665}.Debug|Any CPU.Build.0 = Debug|Any CPU
		{FC76C759-5163-44A6-8ACC-74A3035B5665}.Release|Any CPU.ActiveCfg = Release|Any CPU
		{FC76C759-5163-44A6-8ACC-74A3035B5665}.Release|Any CPU.Build.0 = Release|Any CPU
		{5B8D843B-211F-487C-ABB2-322A6CCBFE42}.Debug|Any CPU.ActiveCfg = Debug|Any CPU
		{5B8D843B-211F-487C-ABB2-322A6CCBFE42}.Debug|Any CPU.Build.0 = Debug|Any CPU
		{5B8D843B-211F-487C-ABB2-322A6CCBFE42}.Release|Any CPU.ActiveCfg = Release|Any CPU
		{5B8D843B-211F-487C-ABB2-322A6CCBFE42}.Release|Any CPU.Build.0 = Release|Any CPU
		{343D5185-960B-43FA-8C49-2E0DE033041B}.Debug|Any CPU.ActiveCfg = Debug|Any CPU
		{343D5185-960B-43FA-8C49-2E0DE033041B}.Debug|Any CPU.Build.0 = Debug|Any CPU
		{343D5185-960B-43FA-8C49-2E0DE033041B}.Release|Any CPU.ActiveCfg = Release|Any CPU
		{343D5185-960B-43FA-8C49-2E0DE033041B}.Release|Any CPU.Build.0 = Release|Any CPU
	EndGlobalSection
	GlobalSection(SolutionProperties) = preSolution
		HideSolutionNode = FALSE
	EndGlobalSection
	GlobalSection(NestedProjects) = preSolution
		{5B8D843B-211F-487C-ABB2-322A6CCBFE42} = {295D4CE6-F3E9-403E-ADF6-6F4D3581A083}
		{343D5185-960B-43FA-8C49-2E0DE033041B} = {295D4CE6-F3E9-403E-ADF6-6F4D3581A083}
	EndGlobalSection
	GlobalSection(ExtensibilityGlobals) = postSolution
		SolutionGuid = {F3411730-9448-4AAF-93B5-450D8C8951F0}
	EndGlobalSection
EndGlobal
