
Microsoft Visual Studio Solution File, Format Version 12.00
# Visual Studio Version 16
VisualStudioVersion = 16.0.29111.141
MinimumVisualStudioVersion = 10.0.40219.1
Project("{2150E333-8FDC-42A3-9474-1A3956D46DE8}") = "Samples", "Samples", "{295D4CE6-F3E9-403E-ADF6-6F4D3581A083}"
EndProject
Project("{9A19103F-16F7-4668-BE54-9A1E7A4F7556}") = "Blazor.LoadingIndicator", "src\Blazor.LoadingIndicator\Blazor.LoadingIndicator.csproj", "{FC76C759-5163-44A6-8ACC-74A3035B5665}"
EndProject
Project("{2150E333-8FDC-42A3-9474-1A3956D46DE8}") = "Simple", "Simple", "{ADA6CA96-3D11-4135-8DBC-B2E7BC46D047}"
EndProject
Project("{2150E333-8FDC-42A3-9474-1A3956D46DE8}") = "Template", "Template", "{CF2EEEF7-A31D-4A61-A881-419B1ED505E2}"
EndProject
Project("{9A19103F-16F7-4668-BE54-9A1E7A4F7556}") = "Samples.Simple.Client", "samples\Simple\Samples.Simple.Client\Samples.Simple.Client.csproj", "{A56CBF9A-B6BB-43DB-83E2-3D44553778FD}"
EndProject
Project("{9A19103F-16F7-4668-BE54-9A1E7A4F7556}") = "Samples.Simple.Server", "samples\Simple\Samples.Simple.Server\Samples.Simple.Server.csproj", "{63A8F6AE-F4CF-493E-825D-8767A546A37E}"
EndProject
Project("{9A19103F-16F7-4668-BE54-9A1E7A4F7556}") = "Samples.Template.Client", "samples\Template\Samples.Template.Client\Samples.Template.Client.csproj", "{C02D8B14-B92B-4033-86C3-1AABD9126F21}"
EndProject
Project("{9A19103F-16F7-4668-BE54-9A1E7A4F7556}") = "Samples.Template.Server", "samples\Template\Samples.Template.Server\Samples.Template.Server.csproj", "{1D3EBFCA-4723-412F-A360-A31D297A9DF5}"
EndProject
Global
	GlobalSection(SolutionConfigurationPlatforms) = preSolution
		Debug|Any CPU = Debug|Any CPU
		Release|Any CPU = Release|Any CPU
	EndGlobalSection
	GlobalSection(ProjectConfigurationPlatforms) = postSolution
		{FC76C759-5163-44A6-8ACC-74A3035B5665}.Debug|Any CPU.ActiveCfg = Debug|Any CPU
		{FC76C759-5163-44A6-8ACC-74A3035B5665}.Debug|Any CPU.Build.0 = Debug|Any CPU
		{FC76C759-5163-44A6-8ACC-74A3035B5665}.Release|Any CPU.ActiveCfg = Release|Any CPU
		{FC76C759-5163-44A6-8ACC-74A3035B5665}.Release|Any CPU.Build.0 = Release|Any CPU
		{A56CBF9A-B6BB-43DB-83E2-3D44553778FD}.Debug|Any CPU.ActiveCfg = Debug|Any CPU
		{A56CBF9A-B6BB-43DB-83E2-3D44553778FD}.Debug|Any CPU.Build.0 = Debug|Any CPU
		{A56CBF9A-B6BB-43DB-83E2-3D44553778FD}.Release|Any CPU.ActiveCfg = Release|Any CPU
		{A56CBF9A-B6BB-43DB-83E2-3D44553778FD}.Release|Any CPU.Build.0 = Release|Any CPU
		{63A8F6AE-F4CF-493E-825D-8767A546A37E}.Debug|Any CPU.ActiveCfg = Debug|Any CPU
		{63A8F6AE-F4CF-493E-825D-8767A546A37E}.Debug|Any CPU.Build.0 = Debug|Any CPU
		{63A8F6AE-F4CF-493E-825D-8767A546A37E}.Release|Any CPU.ActiveCfg = Release|Any CPU
		{63A8F6AE-F4CF-493E-825D-8767A546A37E}.Release|Any CPU.Build.0 = Release|Any CPU
		{C02D8B14-B92B-4033-86C3-1AABD9126F21}.Debug|Any CPU.ActiveCfg = Debug|Any CPU
		{C02D8B14-B92B-4033-86C3-1AABD9126F21}.Debug|Any CPU.Build.0 = Debug|Any CPU
		{C02D8B14-B92B-4033-86C3-1AABD9126F21}.Release|Any CPU.ActiveCfg = Release|Any CPU
		{C02D8B14-B92B-4033-86C3-1AABD9126F21}.Release|Any CPU.Build.0 = Release|Any CPU
		{1D3EBFCA-4723-412F-A360-A31D297A9DF5}.Debug|Any CPU.ActiveCfg = Debug|Any CPU
		{1D3EBFCA-4723-412F-A360-A31D297A9DF5}.Debug|Any CPU.Build.0 = Debug|Any CPU
		{1D3EBFCA-4723-412F-A360-A31D297A9DF5}.Release|Any CPU.ActiveCfg = Release|Any CPU
		{1D3EBFCA-4723-412F-A360-A31D297A9DF5}.Release|Any CPU.Build.0 = Release|Any CPU
	EndGlobalSection
	GlobalSection(SolutionProperties) = preSolution
		HideSolutionNode = FALSE
	EndGlobalSection
	GlobalSection(NestedProjects) = preSolution
		{ADA6CA96-3D11-4135-8DBC-B2E7BC46D047} = {295D4CE6-F3E9-403E-ADF6-6F4D3581A083}
		{CF2EEEF7-A31D-4A61-A881-419B1ED505E2} = {295D4CE6-F3E9-403E-ADF6-6F4D3581A083}
		{A56CBF9A-B6BB-43DB-83E2-3D44553778FD} = {ADA6CA96-3D11-4135-8DBC-B2E7BC46D047}
		{63A8F6AE-F4CF-493E-825D-8767A546A37E} = {ADA6CA96-3D11-4135-8DBC-B2E7BC46D047}
		{C02D8B14-B92B-4033-86C3-1AABD9126F21} = {CF2EEEF7-A31D-4A61-A881-419B1ED505E2}
		{1D3EBFCA-4723-412F-A360-A31D297A9DF5} = {CF2EEEF7-A31D-4A61-A881-419B1ED505E2}
	EndGlobalSection
	GlobalSection(ExtensibilityGlobals) = postSolution
		SolutionGuid = {F3411730-9448-4AAF-93B5-450D8C8951F0}
	EndGlobalSection
EndGlobal
